
Microsoft Visual Studio Solution File, Format Version 12.00
# Visual Studio Version 17
VisualStudioVersion = 17.0.31903.59
MinimumVisualStudioVersion = 10.0.40219.1
Project("{2150E333-8FDC-42A3-9474-1A3956D46DE8}") = "src", "src", "{5C32B1D3-8B78-4961-8044-7147974854CE}"
EndProject
Project("{FAE04EC0-301F-11D3-BF4B-00C04F79EFBC}") = "MouseTracker.Web", "src\MouseTracker.Web\MouseTracker.Web.csproj", "{F3F5B8C6-811A-426F-AD43-78546E3DC42F}"
EndProject
Project("{FAE04EC0-301F-11D3-BF4B-00C04F79EFBC}") = "MouseTracker.Tests", "src\MouseTracker.Tests\MouseTracker.Tests.csproj", "{BD17D0BB-4E8F-4BED-8CB1-FCE5AFF1EBEF}"
EndProject
Project("{FAE04EC0-301F-11D3-BF4B-00C04F79EFBC}") = "MouseTracker.Domain", "src\MouseTracker.Domain\MouseTracker.Domain.csproj", "{09A6A4A9-7179-4AC7-8C7D-D92B50DEC8ED}"
EndProject
Project("{FAE04EC0-301F-11D3-BF4B-00C04F79EFBC}") = "MouseTracker.Application", "src\MouseTracker.Application\MouseTracker.Application.csproj", "{B17DDBAA-CF91-4105-9834-87517D435F6B}"
EndProject
Project("{FAE04EC0-301F-11D3-BF4B-00C04F79EFBC}") = "MouseTracker.Infrastructure", "src\MouseTracker.Infrastructure\MouseTracker.Infrastructure.csproj", "{E01B67B9-2A94-4D24-8A6C-5B31DCCEDB8D}"
EndProject
Global
	GlobalSection(SolutionConfigurationPlatforms) = preSolution
		Debug|Any CPU = Debug|Any CPU
		Release|Any CPU = Release|Any CPU
	EndGlobalSection
	GlobalSection(SolutionProperties) = preSolution
		HideSolutionNode = FALSE
	EndGlobalSection
	GlobalSection(ProjectConfigurationPlatforms) = postSolution
		{F3F5B8C6-811A-426F-AD43-78546E3DC42F}.Debug|Any CPU.ActiveCfg = Debug|Any CPU
		{F3F5B8C6-811A-426F-AD43-78546E3DC42F}.Debug|Any CPU.Build.0 = Debug|Any CPU
		{F3F5B8C6-811A-426F-AD43-78546E3DC42F}.Release|Any CPU.ActiveCfg = Release|Any CPU
		{F3F5B8C6-811A-426F-AD43-78546E3DC42F}.Release|Any CPU.Build.0 = Release|Any CPU
		{BD17D0BB-4E8F-4BED-8CB1-FCE5AFF1EBEF}.Debug|Any CPU.ActiveCfg = Debug|Any CPU
		{BD17D0BB-4E8F-4BED-8CB1-FCE5AFF1EBEF}.Debug|Any CPU.Build.0 = Debug|Any CPU
		{BD17D0BB-4E8F-4BED-8CB1-FCE5AFF1EBEF}.Release|Any CPU.ActiveCfg = Release|Any CPU
		{BD17D0BB-4E8F-4BED-8CB1-FCE5AFF1EBEF}.Release|Any CPU.Build.0 = Release|Any CPU
		{09A6A4A9-7179-4AC7-8C7D-D92B50DEC8ED}.Debug|Any CPU.ActiveCfg = Debug|Any CPU
		{09A6A4A9-7179-4AC7-8C7D-D92B50DEC8ED}.Debug|Any CPU.Build.0 = Debug|Any CPU
		{09A6A4A9-7179-4AC7-8C7D-D92B50DEC8ED}.Release|Any CPU.ActiveCfg = Release|Any CPU
		{09A6A4A9-7179-4AC7-8C7D-D92B50DEC8ED}.Release|Any CPU.Build.0 = Release|Any CPU
		{B17DDBAA-CF91-4105-9834-87517D435F6B}.Debug|Any CPU.ActiveCfg = Debug|Any CPU
		{B17DDBAA-CF91-4105-9834-87517D435F6B}.Debug|Any CPU.Build.0 = Debug|Any CPU
		{B17DDBAA-CF91-4105-9834-87517D435F6B}.Release|Any CPU.ActiveCfg = Release|Any CPU
		{B17DDBAA-CF91-4105-9834-87517D435F6B}.Release|Any CPU.Build.0 = Release|Any CPU
		{E01B67B9-2A94-4D24-8A6C-5B31DCCEDB8D}.Debug|Any CPU.ActiveCfg = Debug|Any CPU
		{E01B67B9-2A94-4D24-8A6C-5B31DCCEDB8D}.Debug|Any CPU.Build.0 = Debug|Any CPU
		{E01B67B9-2A94-4D24-8A6C-5B31DCCEDB8D}.Release|Any CPU.ActiveCfg = Release|Any CPU
		{E01B67B9-2A94-4D24-8A6C-5B31DCCEDB8D}.Release|Any CPU.Build.0 = Release|Any CPU
	EndGlobalSection
	GlobalSection(NestedProjects) = preSolution
		{F3F5B8C6-811A-426F-AD43-78546E3DC42F} = {5C32B1D3-8B78-4961-8044-7147974854CE}
		{BD17D0BB-4E8F-4BED-8CB1-FCE5AFF1EBEF} = {5C32B1D3-8B78-4961-8044-7147974854CE}
		{09A6A4A9-7179-4AC7-8C7D-D92B50DEC8ED} = {5C32B1D3-8B78-4961-8044-7147974854CE}
		{B17DDBAA-CF91-4105-9834-87517D435F6B} = {5C32B1D3-8B78-4961-8044-7147974854CE}
		{E01B67B9-2A94-4D24-8A6C-5B31DCCEDB8D} = {5C32B1D3-8B78-4961-8044-7147974854CE}
	EndGlobalSection
EndGlobal
